// !$*UTF8*$!
{
	archiveVersion = 1;
	classes = {
	};
	objectVersion = 48;
	objects = {

/* Begin PBXBuildFile section */
		CD7793F82074ACE3004586B1 /* AppDelegate.swift in Sources */ = {isa = PBXBuildFile; fileRef = CD7793F72074ACE3004586B1 /* AppDelegate.swift */; };
		CD7793FA2074ACE3004586B1 /* ViewController.swift in Sources */ = {isa = PBXBuildFile; fileRef = CD7793F92074ACE3004586B1 /* ViewController.swift */; };
		CD7793FD2074ACE3004586B1 /* Main.storyboard in Resources */ = {isa = PBXBuildFile; fileRef = CD7793FB2074ACE3004586B1 /* Main.storyboard */; };
		CD7793FF2074ACE3004586B1 /* Assets.xcassets in Resources */ = {isa = PBXBuildFile; fileRef = CD7793FE2074ACE3004586B1 /* Assets.xcassets */; };
		CD7794022074ACE3004586B1 /* LaunchScreen.storyboard in Resources */ = {isa = PBXBuildFile; fileRef = CD7794002074ACE3004586B1 /* LaunchScreen.storyboard */; };
		CD77940A2074B150004586B1 /* OrderViewController.swift in Sources */ = {isa = PBXBuildFile; fileRef = CD7794092074B150004586B1 /* OrderViewController.swift */; };
		CD77940C2074B74F004586B1 /* appicon-120x120.png in Resources */ = {isa = PBXBuildFile; fileRef = CD77940B2074B74F004586B1 /* appicon-120x120.png */; };
/* End PBXBuildFile section */

/* Begin PBXFileReference section */
		CD7793F42074ACE3004586B1 /* Lab05b.app */ = {isa = PBXFileReference; explicitFileType = wrapper.application; includeInIndex = 0; path = Lab05b.app; sourceTree = BUILT_PRODUCTS_DIR; };
		CD7793F72074ACE3004586B1 /* AppDelegate.swift */ = {isa = PBXFileReference; lastKnownFileType = sourcecode.swift; path = AppDelegate.swift; sourceTree = "<group>"; };
		CD7793F92074ACE3004586B1 /* ViewController.swift */ = {isa = PBXFileReference; lastKnownFileType = sourcecode.swift; path = ViewController.swift; sourceTree = "<group>"; };
		CD7793FC2074ACE3004586B1 /* Base */ = {isa = PBXFileReference; lastKnownFileType = file.storyboard; name = Base; path = Base.lproj/Main.storyboard; sourceTree = "<group>"; };
		CD7793FE2074ACE3004586B1 /* Assets.xcassets */ = {isa = PBXFileReference; lastKnownFileType = folder.assetcatalog; path = Assets.xcassets; sourceTree = "<group>"; };
		CD7794012074ACE3004586B1 /* Base */ = {isa = PBXFileReference; lastKnownFileType = file.storyboard; name = Base; path = Base.lproj/LaunchScreen.storyboard; sourceTree = "<group>"; };
		CD7794032074ACE3004586B1 /* Info.plist */ = {isa = PBXFileReference; lastKnownFileType = text.plist.xml; path = Info.plist; sourceTree = "<group>"; };
		CD7794092074B150004586B1 /* OrderViewController.swift */ = {isa = PBXFileReference; lastKnownFileType = sourcecode.swift; path = OrderViewController.swift; sourceTree = "<group>"; };
		CD77940B2074B74F004586B1 /* appicon-120x120.png */ = {isa = PBXFileReference; lastKnownFileType = image.png; path = "appicon-120x120.png"; sourceTree = "<group>"; };
/* End PBXFileReference section */

/* Begin PBXFrameworksBuildPhase section */
		CD7793F12074ACE3004586B1 /* Frameworks */ = {
			isa = PBXFrameworksBuildPhase;
			buildActionMask = 2147483647;
			files = (
			);
			runOnlyForDeploymentPostprocessing = 0;
		};
/* End PBXFrameworksBuildPhase section */

/* Begin PBXGroup section */
		CD7793EB2074ACE3004586B1 = {
			isa = PBXGroup;
			children = (
				CD7793F62074ACE3004586B1 /* Lab05b */,
				CD7793F52074ACE3004586B1 /* Products */,
			);
			sourceTree = "<group>";
		};
		CD7793F52074ACE3004586B1 /* Products */ = {
			isa = PBXGroup;
			children = (
				CD7793F42074ACE3004586B1 /* Lab05b.app */,
			);
			name = Products;
			sourceTree = "<group>";
		};
		CD7793F62074ACE3004586B1 /* Lab05b */ = {
			isa = PBXGroup;
			children = (
				CD77940B2074B74F004586B1 /* appicon-120x120.png */,
				CD7793F72074ACE3004586B1 /* AppDelegate.swift */,
				CD7793F92074ACE3004586B1 /* ViewController.swift */,
				CD7793FB2074ACE3004586B1 /* Main.storyboard */,
				CD7793FE2074ACE3004586B1 /* Assets.xcassets */,
				CD7794002074ACE3004586B1 /* LaunchScreen.storyboard */,
				CD7794032074ACE3004586B1 /* Info.plist */,
				CD7794092074B150004586B1 /* OrderViewController.swift */,
			);
			path = Lab05b;
			sourceTree = "<group>";
		};
/* End PBXGroup section */

/* Begin PBXNativeTarget section */
		CD7793F32074ACE3004586B1 /* Lab05b */ = {
			isa = PBXNativeTarget;
			buildConfigurationList = CD7794062074ACE3004586B1 /* Build configuration list for PBXNativeTarget "Lab05b" */;
			buildPhases = (
				CD7793F02074ACE3004586B1 /* Sources */,
				CD7793F12074ACE3004586B1 /* Frameworks */,
				CD7793F22074ACE3004586B1 /* Resources */,
			);
			buildRules = (
			);
			dependencies = (
			);
			name = Lab05b;
			productName = Lab05b;
			productReference = CD7793F42074ACE3004586B1 /* Lab05b.app */;
			productType = "com.apple.product-type.application";
		};
/* End PBXNativeTarget section */

/* Begin PBXProject section */
		CD7793EC2074ACE3004586B1 /* Project object */ = {
			isa = PBXProject;
			attributes = {
				LastSwiftUpdateCheck = 0920;
				LastUpgradeCheck = 0920;
				ORGANIZATIONNAME = SWUCOMPUTER;
				TargetAttributes = {
					CD7793F32074ACE3004586B1 = {
						CreatedOnToolsVersion = 9.2;
						ProvisioningStyle = Automatic;
					};
				};
			};
			buildConfigurationList = CD7793EF2074ACE3004586B1 /* Build configuration list for PBXProject "Lab05b" */;
			compatibilityVersion = "Xcode 8.0";
			developmentRegion = en;
			hasScannedForEncodings = 0;
			knownRegions = (
				en,
				Base,
			);
			mainGroup = CD7793EB2074ACE3004586B1;
			productRefGroup = CD7793F52074ACE3004586B1 /* Products */;
			projectDirPath = "";
			projectRoot = "";
			targets = (
				CD7793F32074ACE3004586B1 /* Lab05b */,
			);
		};
/* End PBXProject section */

/* Begin PBXResourcesBuildPhase section */
		CD7793F22074ACE3004586B1 /* Resources */ = {
			isa = PBXResourcesBuildPhase;
			buildActionMask = 2147483647;
			files = (
				CD7794022074ACE3004586B1 /* LaunchScreen.storyboard in Resources */,
				CD7793FF2074ACE3004586B1 /* Assets.xcassets in Resources */,
				CD7793FD2074ACE3004586B1 /* Main.storyboard in Resources */,
				CD77940C2074B74F004586B1 /* appicon-120x120.png in Resources */,
			);
			runOnlyForDeploymentPostprocessing = 0;
		};
/* End PBXResourcesBuildPhase section */

/* Begin PBXSourcesBuildPhase section */
		CD7793F02074ACE3004586B1 /* Sources */ = {
			isa = PBXSourcesBuildPhase;
			buildActionMask = 2147483647;
			files = (
				CD7793FA2074ACE3004586B1 /* ViewController.swift in Sources */,
				CD7793F82074ACE3004586B1 /* AppDelegate.swift in Sources */,
				CD77940A2074B150004586B1 /* OrderViewController.swift in Sources */,
			);
			runOnlyForDeploymentPostprocessing = 0;
		};
/* End PBXSourcesBuildPhase section */

/* Begin PBXVariantGroup section */
		CD7793FB2074ACE3004586B1 /* Main.storyboard */ = {
			isa = PBXVariantGroup;
			children = (
				CD7793FC2074ACE3004586B1 /* Base */,
			);
			name = Main.storyboard;
			sourceTree = "<group>";
		};
		CD7794002074ACE3004586B1 /* LaunchScreen.storyboard */ = {
			isa = PBXVariantGroup;
			children = (
				CD7794012074ACE3004586B1 /* Base */,
			);
			name = LaunchScreen.storyboard;
			sourceTree = "<group>";
		};
/* End PBXVariantGroup section */

/* Begin XCBuildConfiguration section */
		CD7794042074ACE3004586B1 /* Debug */ = {
			isa = XCBuildConfiguration;
			buildSettings = {
				ALWAYS_SEARCH_USER_PATHS = NO;
				CLANG_ANALYZER_NONNULL = YES;
				CLANG_ANALYZER_NUMBER_OBJECT_CONVERSION = YES_AGGRESSIVE;
				CLANG_CXX_LANGUAGE_STANDARD = "gnu++14";
				CLANG_CXX_LIBRARY = "libc++";
				CLANG_ENABLE_MODULES = YES;
				CLANG_ENABLE_OBJC_ARC = YES;
				CLANG_WARN_BLOCK_CAPTURE_AUTORELEASING = YES;
				CLANG_WARN_BOOL_CONVERSION = YES;
				CLANG_WARN_COMMA = YES;
				CLANG_WARN_CONSTANT_CONVERSION = YES;
				CLANG_WARN_DIRECT_OBJC_ISA_USAGE = YES_ERROR;
				CLANG_WARN_DOCUMENTATION_COMMENTS = YES;
				CLANG_WARN_EMPTY_BODY = YES;
				CLANG_WARN_ENUM_CONVERSION = YES;
				CLANG_WARN_INFINITE_RECURSION = YES;
				CLANG_WARN_INT_CONVERSION = YES;
				CLANG_WARN_NON_LITERAL_NULL_CONVERSION = YES;
				CLANG_WARN_OBJC_LITERAL_CONVERSION = YES;
				CLANG_WARN_OBJC_ROOT_CLASS = YES_ERROR;
				CLANG_WARN_RANGE_LOOP_ANALYSIS = YES;
				CLANG_WARN_STRICT_PROTOTYPES = YES;
				CLANG_WARN_SUSPICIOUS_MOVE = YES;
				CLANG_WARN_UNGUARDED_AVAILABILITY = YES_AGGRESSIVE;
				CLANG_WARN_UNREACHABLE_CODE = YES;
				CLANG_WARN__DUPLICATE_METHOD_MATCH = YES;
				CODE_SIGN_IDENTITY = "iPhone Developer";
				COPY_PHASE_STRIP = NO;
				DEBUG_INFORMATION_FORMAT = dwarf;
				ENABLE_STRICT_OBJC_MSGSEND = YES;
				ENABLE_TESTABILITY = YES;
				GCC_C_LANGUAGE_STANDARD = gnu11;
				GCC_DYNAMIC_NO_PIC = NO;
				GCC_NO_COMMON_BLOCKS = YES;
				GCC_OPTIMIZATION_LEVEL = 0;
				GCC_PREPROCESSOR_DEFINITIONS = (
					"DEBUG=1",
					"$(inherited)",
				);
				GCC_WARN_64_TO_32_BIT_CONVERSION = YES;
				GCC_WARN_ABOUT_RETURN_TYPE = YES_ERROR;
				GCC_WARN_UNDECLARED_SELECTOR = YES;
				GCC_WARN_UNINITIALIZED_AUTOS = YES_AGGRESSIVE;
				GCC_WARN_UNUSED_FUNCTION = YES;
				GCC_WARN_UNUSED_VARIABLE = YES;
				IPHONEOS_DEPLOYMENT_TARGET = 11.2;
				MTL_ENABLE_DEBUG_INFO = YES;
				ONLY_ACTIVE_ARCH = YES;
				SDKROOT = iphoneos;
				SWIFT_ACTIVE_COMPILATION_CONDITIONS = DEBUG;
				SWIFT_OPTIMIZATION_LEVEL = "-Onone";
			};
			name = Debug;
		};
		CD7794052074ACE3004586B1 /* Release */ = {
			isa = XCBuildConfiguration;
			buildSettings = {
				ALWAYS_SEARCH_USER_PATHS = NO;
				CLANG_ANALYZER_NONNULL = YES;
				CLANG_ANALYZER_NUMBER_OBJECT_CONVERSION = YES_AGGRESSIVE;
				CLANG_CXX_LANGUAGE_STANDARD = "gnu++14";
				CLANG_CXX_LIBRARY = "libc++";
				CLANG_ENABLE_MODULES = YES;
				CLANG_ENABLE_OBJC_ARC = YES;
				CLANG_WARN_BLOCK_CAPTURE_AUTORELEASING = YES;
				CLANG_WARN_BOOL_CONVERSION = YES;
				CLANG_WARN_COMMA = YES;
				CLANG_WARN_CONSTANT_CONVERSION = YES;
				CLANG_WARN_DIRECT_OBJC_ISA_USAGE = YES_ERROR;
				CLANG_WARN_DOCUMENTATION_COMMENTS = YES;
				CLANG_WARN_EMPTY_BODY = YES;
				CLANG_WARN_ENUM_CONVERSION = YES;
				CLANG_WARN_INFINITE_RECURSION = YES;
				CLANG_WARN_INT_CONVERSION = YES;
				CLANG_WARN_NON_LITERAL_NULL_CONVERSION = YES;
				CLANG_WARN_OBJC_LITERAL_CONVERSION = YES;
				CLANG_WARN_OBJC_ROOT_CLASS = YES_ERROR;
				CLANG_WARN_RANGE_LOOP_ANALYSIS = YES;
				CLANG_WARN_STRICT_PROTOTYPES = YES;
				CLANG_WARN_SUSPICIOUS_MOVE = YES;
				CLANG_WARN_UNGUARDED_AVAILABILITY = YES_AGGRESSIVE;
				CLANG_WARN_UNREACHABLE_CODE = YES;
				CLANG_WARN__DUPLICATE_METHOD_MATCH = YES;
				CODE_SIGN_IDENTITY = "iPhone Developer";
				COPY_PHASE_STRIP = NO;
				DEBUG_INFORMATION_FORMAT = "dwarf-with-dsym";
				ENABLE_NS_ASSERTIONS = NO;
				ENABLE_STRICT_OBJC_MSGSEND = YES;
				GCC_C_LANGUAGE_STANDARD = gnu11;
				GCC_NO_COMMON_BLOCKS = YES;
				GCC_WARN_64_TO_32_BIT_CONVERSION = YES;
				GCC_WARN_ABOUT_RETURN_TYPE = YES_ERROR;
				GCC_WARN_UNDECLARED_SELECTOR = YES;
				GCC_WARN_UNINITIALIZED_AUTOS = YES_AGGRESSIVE;
				GCC_WARN_UNUSED_FUNCTION = YES;
				GCC_WARN_UNUSED_VARIABLE = YES;
				IPHONEOS_DEPLOYMENT_TARGET = 11.2;
				MTL_ENABLE_DEBUG_INFO = NO;
				SDKROOT = iphoneos;
				SWIFT_OPTIMIZATION_LEVEL = "-Owholemodule";
				VALIDATE_PRODUCT = YES;
			};
			name = Release;
		};
		CD7794072074ACE3004586B1 /* Debug */ = {
			isa = XCBuildConfiguration;
			buildSettings = {
				ASSETCATALOG_COMPILER_APPICON_NAME = AppIcon;
				CODE_SIGN_STYLE = Automatic;
				INFOPLIST_FILE = Lab05b/Info.plist;
				LD_RUNPATH_SEARCH_PATHS = "$(inherited) @executable_path/Frameworks";
				PRODUCT_BUNDLE_IDENTIFIER = kr.ac.swu.Lab05b;
				PRODUCT_NAME = "$(TARGET_NAME)";
				SWIFT_VERSION = 4.0;
				TARGETED_DEVICE_FAMILY = "1,2";
			};
			name = Debug;
		};
		CD7794082074ACE3004586B1 /* Release */ = {
			isa = XCBuildConfiguration;
			buildSettings = {
				ASSETCATALOG_COMPILER_APPICON_NAME = AppIcon;
				CODE_SIGN_STYLE = Automatic;
				INFOPLIST_FILE = Lab05b/Info.plist;
				LD_RUNPATH_SEARCH_PATHS = "$(inherited) @executable_path/Frameworks";
				PRODUCT_BUNDLE_IDENTIFIER = kr.ac.swu.Lab05b;
				PRODUCT_NAME = "$(TARGET_NAME)";
				SWIFT_VERSION = 4.0;
				TARGETED_DEVICE_FAMILY = "1,2";
			};
			name = Release;
		};
/* End XCBuildConfiguration section */

/* Begin XCConfigurationList section */
		CD7793EF2074ACE3004586B1 /* Build configuration list for PBXProject "Lab05b" */ = {
			isa = XCConfigurationList;
			buildConfigurations = (
				CD7794042074ACE3004586B1 /* Debug */,
				CD7794052074ACE3004586B1 /* Release */,
			);
			defaultConfigurationIsVisible = 0;
			defaultConfigurationName = Release;
		};
		CD7794062074ACE3004586B1 /* Build configuration list for PBXNativeTarget "Lab05b" */ = {
			isa = XCConfigurationList;
			buildConfigurations = (
				CD7794072074ACE3004586B1 /* Debug */,
				CD7794082074ACE3004586B1 /* Release */,
			);
			defaultConfigurationIsVisible = 0;
			defaultConfigurationName = Release;
		};
/* End XCConfigurationList section */
	};
	rootObject = CD7793EC2074ACE3004586B1 /* Project object */;
}
